// !$*UTF8*$!
{
	archiveVersion = 1;
	classes = {
	};
	objectVersion = 55;
	objects = {

/* Begin PBXBuildFile section */
		7D1C5DBF283B757F006B6F97 /* AstroPicApp.swift in Sources */ = {isa = PBXBuildFile; fileRef = 7D1C5DBE283B757F006B6F97 /* AstroPicApp.swift */; };
		7D1C5DC1283B757F006B6F97 /* ContentView.swift in Sources */ = {isa = PBXBuildFile; fileRef = 7D1C5DC0283B757F006B6F97 /* ContentView.swift */; };
		7D1C5DC3283B7582006B6F97 /* Assets.xcassets in Resources */ = {isa = PBXBuildFile; fileRef = 7D1C5DC2283B7582006B6F97 /* Assets.xcassets */; };
		7D1C5DC6283B7582006B6F97 /* Preview Assets.xcassets in Resources */ = {isa = PBXBuildFile; fileRef = 7D1C5DC5283B7582006B6F97 /* Preview Assets.xcassets */; };
		7D1C5DD0283B75B9006B6F97 /* NetworkManager.swift in Sources */ = {isa = PBXBuildFile; fileRef = 7D1C5DCF283B75B9006B6F97 /* NetworkManager.swift */; };
		7D1C5DD2283B7622006B6F97 /* Constants.swift in Sources */ = {isa = PBXBuildFile; fileRef = 7D1C5DD1283B7622006B6F97 /* Constants.swift */; };
		7D1C5DD5283B76E8006B6F97 /* URL+withQuery.swift in Sources */ = {isa = PBXBuildFile; fileRef = 7D1C5DD4283B76E8006B6F97 /* URL+withQuery.swift */; };
		7D1C5DD7283B7914006B6F97 /* DayPicView.swift in Sources */ = {isa = PBXBuildFile; fileRef = 7D1C5DD6283B7914006B6F97 /* DayPicView.swift */; };
		7D1C5DD9283B7A21006B6F97 /* PhotoInfo.swift in Sources */ = {isa = PBXBuildFile; fileRef = 7D1C5DD8283B7A21006B6F97 /* PhotoInfo.swift */; };
		7D1C5DDB283B8BBB006B6F97 /* SelectDateView.swift in Sources */ = {isa = PBXBuildFile; fileRef = 7D1C5DDA283B8BBB006B6F97 /* SelectDateView.swift */; };
/* End PBXBuildFile section */

/* Begin PBXFileReference section */
		7D1C5DBB283B757F006B6F97 /* AstroPic.app */ = {isa = PBXFileReference; explicitFileType = wrapper.application; includeInIndex = 0; path = AstroPic.app; sourceTree = BUILT_PRODUCTS_DIR; };
		7D1C5DBE283B757F006B6F97 /* AstroPicApp.swift */ = {isa = PBXFileReference; lastKnownFileType = sourcecode.swift; path = AstroPicApp.swift; sourceTree = "<group>"; };
		7D1C5DC0283B757F006B6F97 /* ContentView.swift */ = {isa = PBXFileReference; lastKnownFileType = sourcecode.swift; path = ContentView.swift; sourceTree = "<group>"; };
		7D1C5DC2283B7582006B6F97 /* Assets.xcassets */ = {isa = PBXFileReference; lastKnownFileType = folder.assetcatalog; path = Assets.xcassets; sourceTree = "<group>"; };
		7D1C5DC5283B7582006B6F97 /* Preview Assets.xcassets */ = {isa = PBXFileReference; lastKnownFileType = folder.assetcatalog; path = "Preview Assets.xcassets"; sourceTree = "<group>"; };
		7D1C5DCF283B75B9006B6F97 /* NetworkManager.swift */ = {isa = PBXFileReference; lastKnownFileType = sourcecode.swift; path = NetworkManager.swift; sourceTree = "<group>"; };
		7D1C5DD1283B7622006B6F97 /* Constants.swift */ = {isa = PBXFileReference; lastKnownFileType = sourcecode.swift; path = Constants.swift; sourceTree = "<group>"; };
		7D1C5DD4283B76E8006B6F97 /* URL+withQuery.swift */ = {isa = PBXFileReference; lastKnownFileType = sourcecode.swift; path = "URL+withQuery.swift"; sourceTree = "<group>"; };
		7D1C5DD6283B7914006B6F97 /* DayPicView.swift */ = {isa = PBXFileReference; lastKnownFileType = sourcecode.swift; path = DayPicView.swift; sourceTree = "<group>"; };
		7D1C5DD8283B7A21006B6F97 /* PhotoInfo.swift */ = {isa = PBXFileReference; lastKnownFileType = sourcecode.swift; path = PhotoInfo.swift; sourceTree = "<group>"; };
		7D1C5DDA283B8BBB006B6F97 /* SelectDateView.swift */ = {isa = PBXFileReference; lastKnownFileType = sourcecode.swift; path = SelectDateView.swift; sourceTree = "<group>"; };
/* End PBXFileReference section */

/* Begin PBXFrameworksBuildPhase section */
		7D1C5DB8283B757F006B6F97 /* Frameworks */ = {
			isa = PBXFrameworksBuildPhase;
			buildActionMask = 2147483647;
			files = (
			);
			runOnlyForDeploymentPostprocessing = 0;
		};
/* End PBXFrameworksBuildPhase section */

/* Begin PBXGroup section */
		7D1C5DB2283B757F006B6F97 = {
			isa = PBXGroup;
			children = (
				7D1C5DBD283B757F006B6F97 /* AstroPic */,
				7D1C5DBC283B757F006B6F97 /* Products */,
			);
			sourceTree = "<group>";
		};
		7D1C5DBC283B757F006B6F97 /* Products */ = {
			isa = PBXGroup;
			children = (
				7D1C5DBB283B757F006B6F97 /* AstroPic.app */,
			);
			name = Products;
			sourceTree = "<group>";
		};
		7D1C5DBD283B757F006B6F97 /* AstroPic */ = {
			isa = PBXGroup;
			children = (
				7D1C5DBE283B757F006B6F97 /* AstroPicApp.swift */,
				7D1C5DC0283B757F006B6F97 /* ContentView.swift */,
				7D1C5DD3283B76D7006B6F97 /* Helper */,
				7D1C5DCC283B7598006B6F97 /* Model */,
				7D1C5DCD283B759C006B6F97 /* View */,
				7D1C5DCE283B75A3006B6F97 /* ViewModel */,
				7D1C5DC2283B7582006B6F97 /* Assets.xcassets */,
				7D1C5DC4283B7582006B6F97 /* Preview Content */,
			);
			path = AstroPic;
			sourceTree = "<group>";
		};
		7D1C5DC4283B7582006B6F97 /* Preview Content */ = {
			isa = PBXGroup;
			children = (
				7D1C5DC5283B7582006B6F97 /* Preview Assets.xcassets */,
			);
			path = "Preview Content";
			sourceTree = "<group>";
		};
		7D1C5DCC283B7598006B6F97 /* Model */ = {
			isa = PBXGroup;
			children = (
				7D1C5DD8283B7A21006B6F97 /* PhotoInfo.swift */,
			);
			path = Model;
			sourceTree = "<group>";
		};
		7D1C5DCD283B759C006B6F97 /* View */ = {
			isa = PBXGroup;
			children = (
				7D1C5DD6283B7914006B6F97 /* DayPicView.swift */,
				7D1C5DDA283B8BBB006B6F97 /* SelectDateView.swift */,
			);
			path = View;
			sourceTree = "<group>";
		};
		7D1C5DCE283B75A3006B6F97 /* ViewModel */ = {
			isa = PBXGroup;
			children = (
				7D1C5DCF283B75B9006B6F97 /* NetworkManager.swift */,
				7D1C5DD1283B7622006B6F97 /* Constants.swift */,
			);
			path = ViewModel;
			sourceTree = "<group>";
		};
		7D1C5DD3283B76D7006B6F97 /* Helper */ = {
			isa = PBXGroup;
			children = (
				7D1C5DD4283B76E8006B6F97 /* URL+withQuery.swift */,
			);
			path = Helper;
			sourceTree = "<group>";
		};
/* End PBXGroup section */

/* Begin PBXNativeTarget section */
		7D1C5DBA283B757F006B6F97 /* AstroPic */ = {
			isa = PBXNativeTarget;
			buildConfigurationList = 7D1C5DC9283B7582006B6F97 /* Build configuration list for PBXNativeTarget "AstroPic" */;
			buildPhases = (
				7D1C5DB7283B757F006B6F97 /* Sources */,
				7D1C5DB8283B757F006B6F97 /* Frameworks */,
				7D1C5DB9283B757F006B6F97 /* Resources */,
			);
			buildRules = (
			);
			dependencies = (
			);
			name = AstroPic;
			productName = AstroPic;
			productReference = 7D1C5DBB283B757F006B6F97 /* AstroPic.app */;
			productType = "com.apple.product-type.application";
		};
/* End PBXNativeTarget section */

/* Begin PBXProject section */
		7D1C5DB3283B757F006B6F97 /* Project object */ = {
			isa = PBXProject;
			attributes = {
				BuildIndependentTargetsInParallel = 1;
				LastSwiftUpdateCheck = 1320;
				LastUpgradeCheck = 1320;
				TargetAttributes = {
					7D1C5DBA283B757F006B6F97 = {
						CreatedOnToolsVersion = 13.2.1;
					};
				};
			};
			buildConfigurationList = 7D1C5DB6283B757F006B6F97 /* Build configuration list for PBXProject "AstroPic" */;
			compatibilityVersion = "Xcode 13.0";
			developmentRegion = en;
			hasScannedForEncodings = 0;
			knownRegions = (
				en,
				Base,
			);
			mainGroup = 7D1C5DB2283B757F006B6F97;
			productRefGroup = 7D1C5DBC283B757F006B6F97 /* Products */;
			projectDirPath = "";
			projectRoot = "";
			targets = (
				7D1C5DBA283B757F006B6F97 /* AstroPic */,
			);
		};
/* End PBXProject section */

/* Begin PBXResourcesBuildPhase section */
		7D1C5DB9283B757F006B6F97 /* Resources */ = {
			isa = PBXResourcesBuildPhase;
			buildActionMask = 2147483647;
			files = (
				7D1C5DC6283B7582006B6F97 /* Preview Assets.xcassets in Resources */,
				7D1C5DC3283B7582006B6F97 /* Assets.xcassets in Resources */,
			);
			runOnlyForDeploymentPostprocessing = 0;
		};
/* End PBXResourcesBuildPhase section */

/* Begin PBXSourcesBuildPhase section */
		7D1C5DB7283B757F006B6F97 /* Sources */ = {
			isa = PBXSourcesBuildPhase;
			buildActionMask = 2147483647;
			files = (
				7D1C5DDB283B8BBB006B6F97 /* SelectDateView.swift in Sources */,
				7D1C5DD9283B7A21006B6F97 /* PhotoInfo.swift in Sources */,
				7D1C5DD7283B7914006B6F97 /* DayPicView.swift in Sources */,
				7D1C5DD0283B75B9006B6F97 /* NetworkManager.swift in Sources */,
				7D1C5DC1283B757F006B6F97 /* ContentView.swift in Sources */,
				7D1C5DBF283B757F006B6F97 /* AstroPicApp.swift in Sources */,
				7D1C5DD5283B76E8006B6F97 /* URL+withQuery.swift in Sources */,
				7D1C5DD2283B7622006B6F97 /* Constants.swift in Sources */,
			);
			runOnlyForDeploymentPostprocessing = 0;
		};
/* End PBXSourcesBuildPhase section */

/* Begin XCBuildConfiguration section */
		7D1C5DC7283B7582006B6F97 /* Debug */ = {
			isa = XCBuildConfiguration;
			buildSettings = {
				ALWAYS_SEARCH_USER_PATHS = NO;
				CLANG_ANALYZER_NONNULL = YES;
				CLANG_ANALYZER_NUMBER_OBJECT_CONVERSION = YES_AGGRESSIVE;
				CLANG_CXX_LANGUAGE_STANDARD = "gnu++17";
				CLANG_CXX_LIBRARY = "libc++";
				CLANG_ENABLE_MODULES = YES;
				CLANG_ENABLE_OBJC_ARC = YES;
				CLANG_ENABLE_OBJC_WEAK = YES;
				CLANG_WARN_BLOCK_CAPTURE_AUTORELEASING = YES;
				CLANG_WARN_BOOL_CONVERSION = YES;
				CLANG_WARN_COMMA = YES;
				CLANG_WARN_CONSTANT_CONVERSION = YES;
				CLANG_WARN_DEPRECATED_OBJC_IMPLEMENTATIONS = YES;
				CLANG_WARN_DIRECT_OBJC_ISA_USAGE = YES_ERROR;
				CLANG_WARN_DOCUMENTATION_COMMENTS = YES;
				CLANG_WARN_EMPTY_BODY = YES;
				CLANG_WARN_ENUM_CONVERSION = YES;
				CLANG_WARN_INFINITE_RECURSION = YES;
				CLANG_WARN_INT_CONVERSION = YES;
				CLANG_WARN_NON_LITERAL_NULL_CONVERSION = YES;
				CLANG_WARN_OBJC_IMPLICIT_RETAIN_SELF = YES;
				CLANG_WARN_OBJC_LITERAL_CONVERSION = YES;
				CLANG_WARN_OBJC_ROOT_CLASS = YES_ERROR;
				CLANG_WARN_QUOTED_INCLUDE_IN_FRAMEWORK_HEADER = YES;
				CLANG_WARN_RANGE_LOOP_ANALYSIS = YES;
				CLANG_WARN_STRICT_PROTOTYPES = YES;
				CLANG_WARN_SUSPICIOUS_MOVE = YES;
				CLANG_WARN_UNGUARDED_AVAILABILITY = YES_AGGRESSIVE;
				CLANG_WARN_UNREACHABLE_CODE = YES;
				CLANG_WARN__DUPLICATE_METHOD_MATCH = YES;
				COPY_PHASE_STRIP = NO;
				DEBUG_INFORMATION_FORMAT = dwarf;
				ENABLE_STRICT_OBJC_MSGSEND = YES;
				ENABLE_TESTABILITY = YES;
				GCC_C_LANGUAGE_STANDARD = gnu11;
				GCC_DYNAMIC_NO_PIC = NO;
				GCC_NO_COMMON_BLOCKS = YES;
				GCC_OPTIMIZATION_LEVEL = 0;
				GCC_PREPROCESSOR_DEFINITIONS = (
					"DEBUG=1",
					"$(inherited)",
				);
				GCC_WARN_64_TO_32_BIT_CONVERSION = YES;
				GCC_WARN_ABOUT_RETURN_TYPE = YES_ERROR;
				GCC_WARN_UNDECLARED_SELECTOR = YES;
				GCC_WARN_UNINITIALIZED_AUTOS = YES_AGGRESSIVE;
				GCC_WARN_UNUSED_FUNCTION = YES;
				GCC_WARN_UNUSED_VARIABLE = YES;
				IPHONEOS_DEPLOYMENT_TARGET = 15.2;
				MTL_ENABLE_DEBUG_INFO = INCLUDE_SOURCE;
				MTL_FAST_MATH = YES;
				ONLY_ACTIVE_ARCH = YES;
				SDKROOT = iphoneos;
				SWIFT_ACTIVE_COMPILATION_CONDITIONS = DEBUG;
				SWIFT_OPTIMIZATION_LEVEL = "-Onone";
			};
			name = Debug;
		};
		7D1C5DC8283B7582006B6F97 /* Release */ = {
			isa = XCBuildConfiguration;
			buildSettings = {
				ALWAYS_SEARCH_USER_PATHS = NO;
				CLANG_ANALYZER_NONNULL = YES;
				CLANG_ANALYZER_NUMBER_OBJECT_CONVERSION = YES_AGGRESSIVE;
				CLANG_CXX_LANGUAGE_STANDARD = "gnu++17";
				CLANG_CXX_LIBRARY = "libc++";
				CLANG_ENABLE_MODULES = YES;
				CLANG_ENABLE_OBJC_ARC = YES;
				CLANG_ENABLE_OBJC_WEAK = YES;
				CLANG_WARN_BLOCK_CAPTURE_AUTORELEASING = YES;
				CLANG_WARN_BOOL_CONVERSION = YES;
				CLANG_WARN_COMMA = YES;
				CLANG_WARN_CONSTANT_CONVERSION = YES;
				CLANG_WARN_DEPRECATED_OBJC_IMPLEMENTATIONS = YES;
				CLANG_WARN_DIRECT_OBJC_ISA_USAGE = YES_ERROR;
				CLANG_WARN_DOCUMENTATION_COMMENTS = YES;
				CLANG_WARN_EMPTY_BODY = YES;
				CLANG_WARN_ENUM_CONVERSION = YES;
				CLANG_WARN_INFINITE_RECURSION = YES;
				CLANG_WARN_INT_CONVERSION = YES;
				CLANG_WARN_NON_LITERAL_NULL_CONVERSION = YES;
				CLANG_WARN_OBJC_IMPLICIT_RETAIN_SELF = YES;
				CLANG_WARN_OBJC_LITERAL_CONVERSION = YES;
				CLANG_WARN_OBJC_ROOT_CLASS = YES_ERROR;
				CLANG_WARN_QUOTED_INCLUDE_IN_FRAMEWORK_HEADER = YES;
				CLANG_WARN_RANGE_LOOP_ANALYSIS = YES;
				CLANG_WARN_STRICT_PROTOTYPES = YES;
				CLANG_WARN_SUSPICIOUS_MOVE = YES;
				CLANG_WARN_UNGUARDED_AVAILABILITY = YES_AGGRESSIVE;
				CLANG_WARN_UNREACHABLE_CODE = YES;
				CLANG_WARN__DUPLICATE_METHOD_MATCH = YES;
				COPY_PHASE_STRIP = NO;
				DEBUG_INFORMATION_FORMAT = "dwarf-with-dsym";
				ENABLE_NS_ASSERTIONS = NO;
				ENABLE_STRICT_OBJC_MSGSEND = YES;
				GCC_C_LANGUAGE_STANDARD = gnu11;
				GCC_NO_COMMON_BLOCKS = YES;
				GCC_WARN_64_TO_32_BIT_CONVERSION = YES;
				GCC_WARN_ABOUT_RETURN_TYPE = YES_ERROR;
				GCC_WARN_UNDECLARED_SELECTOR = YES;
				GCC_WARN_UNINITIALIZED_AUTOS = YES_AGGRESSIVE;
				GCC_WARN_UNUSED_FUNCTION = YES;
				GCC_WARN_UNUSED_VARIABLE = YES;
				IPHONEOS_DEPLOYMENT_TARGET = 15.2;
				MTL_ENABLE_DEBUG_INFO = NO;
				MTL_FAST_MATH = YES;
				SDKROOT = iphoneos;
				SWIFT_COMPILATION_MODE = wholemodule;
				SWIFT_OPTIMIZATION_LEVEL = "-O";
				VALIDATE_PRODUCT = YES;
			};
			name = Release;
		};
		7D1C5DCA283B7582006B6F97 /* Debug */ = {
			isa = XCBuildConfiguration;
			buildSettings = {
				ASSETCATALOG_COMPILER_APPICON_NAME = AppIcon;
				ASSETCATALOG_COMPILER_GLOBAL_ACCENT_COLOR_NAME = AccentColor;
				CODE_SIGN_STYLE = Automatic;
				CURRENT_PROJECT_VERSION = 1;
				DEVELOPMENT_ASSET_PATHS = "\"AstroPic/Preview Content\"";
				DEVELOPMENT_TEAM = S7WG6HX8M9;
				ENABLE_PREVIEWS = YES;
				GENERATE_INFOPLIST_FILE = YES;
				INFOPLIST_KEY_UIApplicationSceneManifest_Generation = YES;
				INFOPLIST_KEY_UIApplicationSupportsIndirectInputEvents = YES;
				INFOPLIST_KEY_UILaunchScreen_Generation = YES;
				INFOPLIST_KEY_UISupportedInterfaceOrientations_iPad = "UIInterfaceOrientationPortrait UIInterfaceOrientationPortraitUpsideDown UIInterfaceOrientationLandscapeLeft UIInterfaceOrientationLandscapeRight";
				INFOPLIST_KEY_UISupportedInterfaceOrientations_iPhone = "UIInterfaceOrientationPortrait UIInterfaceOrientationLandscapeLeft UIInterfaceOrientationLandscapeRight";
				LD_RUNPATH_SEARCH_PATHS = (
					"$(inherited)",
					"@executable_path/Frameworks",
				);
				MARKETING_VERSION = 1.0;
				PRODUCT_BUNDLE_IDENTIFIER = com.dabc.cognizant.training.AstroPic;
				PRODUCT_NAME = "$(TARGET_NAME)";
				SWIFT_EMIT_LOC_STRINGS = YES;
				SWIFT_VERSION = 5.0;
				TARGETED_DEVICE_FAMILY = "1,2";
			};
			name = Debug;
		};
		7D1C5DCB283B7582006B6F97 /* Release */ = {
			isa = XCBuildConfiguration;
			buildSettings = {
				ASSETCATALOG_COMPILER_APPICON_NAME = AppIcon;
				ASSETCATALOG_COMPILER_GLOBAL_ACCENT_COLOR_NAME = AccentColor;
				CODE_SIGN_STYLE = Automatic;
				CURRENT_PROJECT_VERSION = 1;
				DEVELOPMENT_ASSET_PATHS = "\"AstroPic/Preview Content\"";
				DEVELOPMENT_TEAM = S7WG6HX8M9;
				ENABLE_PREVIEWS = YES;
				GENERATE_INFOPLIST_FILE = YES;
				INFOPLIST_KEY_UIApplicationSceneManifest_Generation = YES;
				INFOPLIST_KEY_UIApplicationSupportsIndirectInputEvents = YES;
				INFOPLIST_KEY_UILaunchScreen_Generation = YES;
				INFOPLIST_KEY_UISupportedInterfaceOrientations_iPad = "UIInterfaceOrientationPortrait UIInterfaceOrientationPortraitUpsideDown UIInterfaceOrientationLandscapeLeft UIInterfaceOrientationLandscapeRight";
				INFOPLIST_KEY_UISupportedInterfaceOrientations_iPhone = "UIInterfaceOrientationPortrait UIInterfaceOrientationLandscapeLeft UIInterfaceOrientationLandscapeRight";
				LD_RUNPATH_SEARCH_PATHS = (
					"$(inherited)",
					"@executable_path/Frameworks",
				);
				MARKETING_VERSION = 1.0;
				PRODUCT_BUNDLE_IDENTIFIER = com.dabc.cognizant.training.AstroPic;
				PRODUCT_NAME = "$(TARGET_NAME)";
				SWIFT_EMIT_LOC_STRINGS = YES;
				SWIFT_VERSION = 5.0;
				TARGETED_DEVICE_FAMILY = "1,2";
			};
			name = Release;
		};
/* End XCBuildConfiguration section */

/* Begin XCConfigurationList section */
		7D1C5DB6283B757F006B6F97 /* Build configuration list for PBXProject "AstroPic" */ = {
			isa = XCConfigurationList;
			buildConfigurations = (
				7D1C5DC7283B7582006B6F97 /* Debug */,
				7D1C5DC8283B7582006B6F97 /* Release */,
			);
			defaultConfigurationIsVisible = 0;
			defaultConfigurationName = Release;
		};
		7D1C5DC9283B7582006B6F97 /* Build configuration list for PBXNativeTarget "AstroPic" */ = {
			isa = XCConfigurationList;
			buildConfigurations = (
				7D1C5DCA283B7582006B6F97 /* Debug */,
				7D1C5DCB283B7582006B6F97 /* Release */,
			);
			defaultConfigurationIsVisible = 0;
			defaultConfigurationName = Release;
		};
/* End XCConfigurationList section */
	};
	rootObject = 7D1C5DB3283B757F006B6F97 /* Project object */;
}
